<?xml version="1.0" encoding="utf-8"?>
<Project ToolsVersion="4.0" xmlns="http://schemas.microsoft.com/developer/msbuild/2003">
  <ItemGroup>
    <Filter Include="Source Files">
      <UniqueIdentifier>{4FC737F1-C7A5-4376-A066-2A32D752A2FF}</UniqueIdentifier>
      <Extensions>cpp;c;cc;cxx;c++;cppm;ixx;def;odl;idl;hpj;bat;asm;asmx</Extensions>
    </Filter>
    <Filter Include="Header Files">
      <UniqueIdentifier>{93995380-89BD-4b04-88EB-625FBE52EBFB}</UniqueIdentifier>
      <Extensions>h;hh;hpp;hxx;h++;hm;inl;inc;ipp;xsd</Extensions>
    </Filter>
    <Filter Include="Resource Files">
      <UniqueIdentifier>{67DA6AB6-F800-4c08-8B7A-83BB121AAD01}</UniqueIdentifier>
      <Extensions>rc;ico;cur;bmp;dlg;rc2;rct;bin;rgs;gif;jpg;jpeg;jpe;resx;tiff;tif;png;wav;mfcribbon-ms</Extensions>
    </Filter>
  </ItemGroup>
  <ItemGroup>
    <ClCompile Include="src\cpplibs\stb_image.cpp">
      <Filter>Source Files</Filter>
    </ClCompile>
    <ClCompile Include="src\cpplibs\glad.c">
      <Filter>Source Files</Filter>
    </ClCompile>
    <ClCompile Include="src\main.cpp">
      <Filter>Source Files</Filter>
    </ClCompile>
    <ClCompile Include="common\Utilitiess\Log.cpp">
      <Filter>Source Files</Filter>
    </ClCompile>
  </ItemGroup>
  <ItemGroup>
    <ClInclude Include="src\world\Chunk.h">
      <Filter>Header Files</Filter>
    </ClInclude>
    <ClInclude Include="src\Block.h">
      <Filter>Header Files</Filter>
    </ClInclude>
    <ClInclude Include="src\entityes\Entity.hpp">
      <Filter>Header Files</Filter>
    </ClInclude>
    <ClInclude Include="src\Engine.h">
      <Filter>Header Files</Filter>
    </ClInclude>
    <ClInclude Include="Utils\Time.hpp">
      <Filter>Header Files</Filter>
    </ClInclude>
    <ClInclude Include="Utils\State.h">
      <Filter>Header Files</Filter>
    </ClInclude>
    <ClInclude Include="Utils\SFMLCLock.hpp">
      <Filter>Header Files</Filter>
    </ClInclude>
    <ClInclude Include="gl\Camera.h">
      <Filter>Header Files</Filter>
    </ClInclude>
    <ClInclude Include="gl\Cubemap.h">
      <Filter>Header Files</Filter>
    </ClInclude>
    <ClInclude Include="gl\glErrors.h">
      <Filter>Header Files</Filter>
    </ClInclude>
    <ClInclude Include="gl\IndexBuffer.h">
      <Filter>Header Files</Filter>
    </ClInclude>
    <ClInclude Include="gl\Shaders.h">
      <Filter>Header Files</Filter>
    </ClInclude>
    <ClInclude Include="gl\Skybox.h">
      <Filter>Header Files</Filter>
    </ClInclude>
    <ClInclude Include="gl\Text.h">
      <Filter>Header Files</Filter>
    </ClInclude>
    <ClInclude Include="gl\Texture.h">
      <Filter>Header Files</Filter>
    </ClInclude>
    <ClInclude Include="gl\VertexArray.h">
      <Filter>Header Files</Filter>
    </ClInclude>
    <ClInclude Include="gl\FrameBuffer.h">
      <Filter>Header Files</Filter>
    </ClInclude>
    <ClInclude Include="common\gl\Camera.h">
      <Filter>Header Files</Filter>
    </ClInclude>
    <ClInclude Include="common\gl\Cubemap.h">
      <Filter>Header Files</Filter>
    </ClInclude>
    <ClInclude Include="common\gl\FrameBuffer.h">
      <Filter>Header Files</Filter>
    </ClInclude>
    <ClInclude Include="common\gl\glErrors.h">
      <Filter>Header Files</Filter>
    </ClInclude>
    <ClInclude Include="common\gl\IndexBuffer.h">
      <Filter>Header Files</Filter>
    </ClInclude>
    <ClInclude Include="common\gl\Shaders.h">
      <Filter>Header Files</Filter>
    </ClInclude>
    <ClInclude Include="common\gl\Text.h">
      <Filter>Header Files</Filter>
    </ClInclude>
    <ClInclude Include="common\gl\Texture.h">
      <Filter>Header Files</Filter>
    </ClInclude>
    <ClInclude Include="common\gl\VertexArray.h">
      <Filter>Header Files</Filter>
    </ClInclude>
    <ClInclude Include="common\Utilitiess\State.h">
      <Filter>Header Files</Filter>
    </ClInclude>
    <ClInclude Include="common\Utilitiess\Time.hpp">
      <Filter>Header Files</Filter>
    </ClInclude>
    <ClInclude Include="common\wclibs\Core.hpp">
      <Filter>Header Files</Filter>
    </ClInclude>
    <ClInclude Include="common\Utilitiess\Random.hpp">
      <Filter>Header Files</Filter>
    </ClInclude>
    <ClInclude Include="common\Utilitiess\Mouse.hpp">
      <Filter>Header Files</Filter>
    </ClInclude>
    <ClInclude Include="common\Utilitiess\Keyboard.hpp">
      <Filter>Header Files</Filter>
    </ClInclude>
    <ClInclude Include="common\Utilitiess\Lua.hpp">
      <Filter>Header Files</Filter>
    </ClInclude>
    <ClInclude Include="common\Utilitiess\Window.hpp">
      <Filter>Header Files</Filter>
    </ClInclude>
    <ClInclude Include="common\wclibs\pch.hpp">
      <Filter>Header Files</Filter>
    </ClInclude>
    <ClInclude Include="common\Utilitiess\NonCopyable.hpp">
      <Filter>Header Files</Filter>
    </ClInclude>
    <ClInclude Include="common\gl\Material.hpp">
      <Filter>Header Files</Filter>
    </ClInclude>
    <ClInclude Include="common\gl\Light.hpp">
      <Filter>Header Files</Filter>
    </ClInclude>
    <ClInclude Include="common\gl\Vertex.hpp">
      <Filter>Header Files</Filter>
    </ClInclude>
    <ClInclude Include="common\Utilitiess\Log.h">
      <Filter>Header Files</Filter>
    </ClInclude>
    <ClInclude Include="common\gl\Skybox.h">
      <Filter>Header Files</Filter>
    </ClInclude>
    <ClInclude Include="src\world\World.hpp">
      <Filter>Header Files</Filter>
    </ClInclude>
    <ClInclude Include="common\gl\Camera.hpp">
      <Filter>Header Files</Filter>
    </ClInclude>
    <ClInclude Include="common\gl\Cubemap.hpp">
      <Filter>Header Files</Filter>
    </ClInclude>
    <ClInclude Include="common\gl\FrameBuffer.hpp">
      <Filter>Header Files</Filter>
    </ClInclude>
    <ClInclude Include="common\gl\glErrors.hpp">
      <Filter>Header Files</Filter>
    </ClInclude>
    <ClInclude Include="common\gl\IndexBuffer.hpp">
      <Filter>Header Files</Filter>
    </ClInclude>
    <ClInclude Include="common\gl\Shaders.hpp">
      <Filter>Header Files</Filter>
    </ClInclude>
    <ClInclude Include="common\gl\Skybox.hpp">
      <Filter>Header Files</Filter>
    </ClInclude>
    <ClInclude Include="common\gl\Text.hpp">
      <Filter>Header Files</Filter>
    </ClInclude>
    <ClInclude Include="common\gl\Texture.hpp">
      <Filter>Header Files</Filter>
    </ClInclude>
    <ClInclude Include="common\Utilitiess\Log.hpp">
      <Filter>Header Files</Filter>
    </ClInclude>
    <ClInclude Include="src\world\Chunk.hpp">
      <Filter>Header Files</Filter>
    </ClInclude>
    <ClInclude Include="src\Engine.hpp">
      <Filter>Header Files</Filter>
    </ClInclude>
    <ClInclude Include="common\Utilitiess\State.hpp">
      <Filter>Header Files</Filter>
    </ClInclude>
    <ClInclude Include="src\entityes\playerSpec\Ray.hpp">
      <Filter>Header Files</Filter>
    </ClInclude>
    <ClInclude Include="src\entityes\Player.hpp">
      <Filter>Header Files</Filter>
    </ClInclude>
    <ClInclude Include="src\world\Block.hpp">
      <Filter>Header Files</Filter>
    </ClInclude>
    <ClInclude Include="common\gl\VertexBuffer.hpp">
      <Filter>Header Files</Filter>
    </ClInclude>
  </ItemGroup>
  <ItemGroup>
    <None Include="scripts\camera.lua" />
    <None Include="scripts\player.lua" />
    <None Include="scripts\skybox.lua" />
    <None Include="scripts\grassblock.lua" />
    <None Include="shaderpacks\default\core.glsl" />
    <None Include="shaderpacks\default\skybox.glsl" />
    <None Include="shaderpacks\default\text.glsl" />
    <None Include="shaderpacks\default\screenShader.glsl" />
    <None Include="config\blocks.lua" />
    <None Include="config\window.lua" />
  </ItemGroup>
</Project>