
Microsoft Visual Studio Solution File, Format Version 12.00
# Visual Studio Version 17
VisualStudioVersion = 17.2.32602.215
MinimumVisualStudioVersion = 10.0.40219.1
Project("{8BC9CEB8-8B4A-11D0-8D11-00A0C91BC942}") = "Elementalworld", "Elementalworld.vcxproj", "{44F63A7F-BB0A-4E78-BF40-7D8D8C8BF44C}"
EndProject
Global
	GlobalSection(SolutionConfigurationPlatforms) = preSolution
		Debug|x64 = Debug|x64
		Debug|x86 = Debug|x86
		Dist|x64 = Dist|x64
		Dist|x86 = Dist|x86
		Release|x64 = Release|x64
		Release|x86 = Release|x86
	EndGlobalSection
	GlobalSection(ProjectConfigurationPlatforms) = postSolution
		{44F63A7F-BB0A-4E78-BF40-7D8D8C8BF44C}.Debug|x64.ActiveCfg = Debug|x64
		{44F63A7F-BB0A-4E78-BF40-7D8D8C8BF44C}.Debug|x64.Build.0 = Debug|x64
		{44F63A7F-BB0A-4E78-BF40-7D8D8C8BF44C}.Debug|x86.ActiveCfg = Debug|Win32
		{44F63A7F-BB0A-4E78-BF40-7D8D8C8BF44C}.Debug|x86.Build.0 = Debug|Win32
		{44F63A7F-BB0A-4E78-BF40-7D8D8C8BF44C}.Dist|x64.ActiveCfg = Dist|x64
		{44F63A7F-BB0A-4E78-BF40-7D8D8C8BF44C}.Dist|x64.Build.0 = Dist|x64
		{44F63A7F-BB0A-4E78-BF40-7D8D8C8BF44C}.Dist|x86.ActiveCfg = Dist|Win32
		{44F63A7F-BB0A-4E78-BF40-7D8D8C8BF44C}.Dist|x86.Build.0 = Dist|Win32
		{44F63A7F-BB0A-4E78-BF40-7D8D8C8BF44C}.Release|x64.ActiveCfg = Release|x64
		{44F63A7F-BB0A-4E78-BF40-7D8D8C8BF44C}.Release|x64.Build.0 = Release|x64
		{44F63A7F-BB0A-4E78-BF40-7D8D8C8BF44C}.Release|x86.ActiveCfg = Release|Win32
		{44F63A7F-BB0A-4E78-BF40-7D8D8C8BF44C}.Release|x86.Build.0 = Release|Win32
	EndGlobalSection
	GlobalSection(SolutionProperties) = preSolution
		HideSolutionNode = FALSE
	EndGlobalSection
	GlobalSection(ExtensibilityGlobals) = postSolution
		SolutionGuid = {17DD33BB-EAA5-4BE8-A11F-D57E04752813}
	EndGlobalSection
EndGlobal
