<?xml version="1.0" encoding="utf-8"?>
<Project ToolsVersion="4.0" xmlns="http://schemas.microsoft.com/developer/msbuild/2003">
  <ItemGroup>
    <Filter Include="Source Files">
      <UniqueIdentifier>{4FC737F1-C7A5-4376-A066-2A32D752A2FF}</UniqueIdentifier>
      <Extensions>cpp;c;cc;cxx;c++;cppm;ixx;def;odl;idl;hpj;bat;asm;asmx</Extensions>
    </Filter>
    <Filter Include="Header Files">
      <UniqueIdentifier>{93995380-89BD-4b04-88EB-625FBE52EBFB}</UniqueIdentifier>
      <Extensions>h;hh;hpp;hxx;h++;hm;inl;inc;ipp;xsd</Extensions>
    </Filter>
    <Filter Include="Resource Files">
      <UniqueIdentifier>{67DA6AB6-F800-4c08-8B7A-83BB121AAD01}</UniqueIdentifier>
      <Extensions>rc;ico;cur;bmp;dlg;rc2;rct;bin;rgs;gif;jpg;jpeg;jpe;resx;tiff;tif;png;wav;mfcribbon-ms</Extensions>
    </Filter>
  </ItemGroup>
  <ItemGroup>
    <ClCompile Include="src\main.cpp">
      <Filter>Source Files</Filter>
    </ClCompile>
    <ClCompile Include="src\glad.c">
      <Filter>Source Files</Filter>
    </ClCompile>
    <ClCompile Include="common\Maths\AssimpGLMHelpers.hpp">
      <Filter>Source Files</Filter>
    </ClCompile>
    <ClCompile Include="vendor\Include\yaml-src\contrib\graphbuilder.cpp">
      <Filter>Source Files</Filter>
    </ClCompile>
    <ClCompile Include="vendor\Include\yaml-src\contrib\graphbuilderadapter.cpp">
      <Filter>Source Files</Filter>
    </ClCompile>
    <ClCompile Include="vendor\Include\yaml-src\binary.cpp">
      <Filter>Source Files</Filter>
    </ClCompile>
    <ClCompile Include="vendor\Include\yaml-src\convert.cpp">
      <Filter>Source Files</Filter>
    </ClCompile>
    <ClCompile Include="vendor\Include\yaml-src\depthguard.cpp">
      <Filter>Source Files</Filter>
    </ClCompile>
    <ClCompile Include="vendor\Include\yaml-src\directives.cpp">
      <Filter>Source Files</Filter>
    </ClCompile>
    <ClCompile Include="vendor\Include\yaml-src\emit.cpp">
      <Filter>Source Files</Filter>
    </ClCompile>
    <ClCompile Include="vendor\Include\yaml-src\emitfromevents.cpp">
      <Filter>Source Files</Filter>
    </ClCompile>
    <ClCompile Include="vendor\Include\yaml-src\emitter.cpp">
      <Filter>Source Files</Filter>
    </ClCompile>
    <ClCompile Include="vendor\Include\yaml-src\emitterstate.cpp">
      <Filter>Source Files</Filter>
    </ClCompile>
    <ClCompile Include="vendor\Include\yaml-src\emitterutils.cpp">
      <Filter>Source Files</Filter>
    </ClCompile>
    <ClCompile Include="vendor\Include\yaml-src\exceptions.cpp">
      <Filter>Source Files</Filter>
    </ClCompile>
    <ClCompile Include="vendor\Include\yaml-src\exp.cpp">
      <Filter>Source Files</Filter>
    </ClCompile>
    <ClCompile Include="vendor\Include\yaml-src\memory.cpp">
      <Filter>Source Files</Filter>
    </ClCompile>
    <ClCompile Include="vendor\Include\yaml-src\node.cpp">
      <Filter>Source Files</Filter>
    </ClCompile>
    <ClCompile Include="vendor\Include\yaml-src\node_data.cpp">
      <Filter>Source Files</Filter>
    </ClCompile>
    <ClCompile Include="vendor\Include\yaml-src\nodebuilder.cpp">
      <Filter>Source Files</Filter>
    </ClCompile>
    <ClCompile Include="vendor\Include\yaml-src\nodeevents.cpp">
      <Filter>Source Files</Filter>
    </ClCompile>
    <ClCompile Include="vendor\Include\yaml-src\null.cpp">
      <Filter>Source Files</Filter>
    </ClCompile>
    <ClCompile Include="vendor\Include\yaml-src\ostream_wrapper.cpp">
      <Filter>Source Files</Filter>
    </ClCompile>
    <ClCompile Include="vendor\Include\yaml-src\parse.cpp">
      <Filter>Source Files</Filter>
    </ClCompile>
    <ClCompile Include="vendor\Include\yaml-src\parser.cpp">
      <Filter>Source Files</Filter>
    </ClCompile>
    <ClCompile Include="vendor\Include\yaml-src\regex_yaml.cpp">
      <Filter>Source Files</Filter>
    </ClCompile>
    <ClCompile Include="vendor\Include\yaml-src\scanner.cpp">
      <Filter>Source Files</Filter>
    </ClCompile>
    <ClCompile Include="vendor\Include\yaml-src\scanscalar.cpp">
      <Filter>Source Files</Filter>
    </ClCompile>
    <ClCompile Include="vendor\Include\yaml-src\scantag.cpp">
      <Filter>Source Files</Filter>
    </ClCompile>
    <ClCompile Include="vendor\Include\yaml-src\scantoken.cpp">
      <Filter>Source Files</Filter>
    </ClCompile>
    <ClCompile Include="vendor\Include\yaml-src\simplekey.cpp">
      <Filter>Source Files</Filter>
    </ClCompile>
    <ClCompile Include="vendor\Include\yaml-src\singledocparser.cpp">
      <Filter>Source Files</Filter>
    </ClCompile>
    <ClCompile Include="vendor\Include\yaml-src\stream.cpp">
      <Filter>Source Files</Filter>
    </ClCompile>
    <ClCompile Include="vendor\Include\yaml-src\tag.cpp">
      <Filter>Source Files</Filter>
    </ClCompile>
  </ItemGroup>
  <ItemGroup>
    <ClInclude Include="src\world\Chunk.h">
      <Filter>Header Files</Filter>
    </ClInclude>
    <ClInclude Include="src\Block.h">
      <Filter>Header Files</Filter>
    </ClInclude>
    <ClInclude Include="src\entities\Entity.hpp">
      <Filter>Header Files</Filter>
    </ClInclude>
    <ClInclude Include="src\Engine.h">
      <Filter>Header Files</Filter>
    </ClInclude>
    <ClInclude Include="Utils\Time.hpp">
      <Filter>Header Files</Filter>
    </ClInclude>
    <ClInclude Include="Utils\State.h">
      <Filter>Header Files</Filter>
    </ClInclude>
    <ClInclude Include="Utils\SFMLCLock.hpp">
      <Filter>Header Files</Filter>
    </ClInclude>
    <ClInclude Include="gl\Camera.h">
      <Filter>Header Files</Filter>
    </ClInclude>
    <ClInclude Include="gl\Cubemap.h">
      <Filter>Header Files</Filter>
    </ClInclude>
    <ClInclude Include="gl\glErrors.h">
      <Filter>Header Files</Filter>
    </ClInclude>
    <ClInclude Include="gl\IndexBuffer.h">
      <Filter>Header Files</Filter>
    </ClInclude>
    <ClInclude Include="gl\Shaders.h">
      <Filter>Header Files</Filter>
    </ClInclude>
    <ClInclude Include="gl\Skybox.h">
      <Filter>Header Files</Filter>
    </ClInclude>
    <ClInclude Include="gl\Text.h">
      <Filter>Header Files</Filter>
    </ClInclude>
    <ClInclude Include="gl\Texture.h">
      <Filter>Header Files</Filter>
    </ClInclude>
    <ClInclude Include="gl\VertexArray.h">
      <Filter>Header Files</Filter>
    </ClInclude>
    <ClInclude Include="gl\FrameBuffer.h">
      <Filter>Header Files</Filter>
    </ClInclude>
    <ClInclude Include="common\gl\Camera.h">
      <Filter>Header Files</Filter>
    </ClInclude>
    <ClInclude Include="common\gl\Cubemap.h">
      <Filter>Header Files</Filter>
    </ClInclude>
    <ClInclude Include="common\gl\FrameBuffer.h">
      <Filter>Header Files</Filter>
    </ClInclude>
    <ClInclude Include="common\gl\glErrors.h">
      <Filter>Header Files</Filter>
    </ClInclude>
    <ClInclude Include="common\gl\IndexBuffer.h">
      <Filter>Header Files</Filter>
    </ClInclude>
    <ClInclude Include="common\gl\Shaders.h">
      <Filter>Header Files</Filter>
    </ClInclude>
    <ClInclude Include="common\gl\Text.h">
      <Filter>Header Files</Filter>
    </ClInclude>
    <ClInclude Include="common\gl\Texture.h">
      <Filter>Header Files</Filter>
    </ClInclude>
    <ClInclude Include="common\gl\VertexArray.h">
      <Filter>Header Files</Filter>
    </ClInclude>
    <ClInclude Include="common\Utilitiess\State.h">
      <Filter>Header Files</Filter>
    </ClInclude>
    <ClInclude Include="common\Utilitiess\Log.h">
      <Filter>Header Files</Filter>
    </ClInclude>
    <ClInclude Include="common\gl\Skybox.h">
      <Filter>Header Files</Filter>
    </ClInclude>
    <ClInclude Include="src\world\World.hpp">
      <Filter>Header Files</Filter>
    </ClInclude>
    <ClInclude Include="common\gl\FrameBuffer.hpp">
      <Filter>Header Files</Filter>
    </ClInclude>
    <ClInclude Include="common\gl\Shaders.hpp">
      <Filter>Header Files</Filter>
    </ClInclude>
    <ClInclude Include="common\gl\Texture.hpp">
      <Filter>Header Files</Filter>
    </ClInclude>
    <ClInclude Include="src\world\Chunk.hpp">
      <Filter>Header Files</Filter>
    </ClInclude>
    <ClInclude Include="src\entities\Player.hpp">
      <Filter>Header Files</Filter>
    </ClInclude>
    <ClInclude Include="common\Utils\Log.hpp">
      <Filter>Header Files</Filter>
    </ClInclude>
    <ClInclude Include="common\Utils\NonCopyable.hpp">
      <Filter>Header Files</Filter>
    </ClInclude>
    <ClInclude Include="common\Utils\Random.hpp">
      <Filter>Header Files</Filter>
    </ClInclude>
    <ClInclude Include="common\Utils\State.hpp">
      <Filter>Header Files</Filter>
    </ClInclude>
    <ClInclude Include="common\Utils\Time.hpp">
      <Filter>Header Files</Filter>
    </ClInclude>
    <ClInclude Include="common\Maths\Frustum.hpp">
      <Filter>Header Files</Filter>
    </ClInclude>
    <ClInclude Include="common\Maths\Camera.hpp">
      <Filter>Header Files</Filter>
    </ClInclude>
    <ClInclude Include="common\Utils\Window.hpp">
      <Filter>Header Files</Filter>
    </ClInclude>
    <ClInclude Include="src\world\Biome.hpp">
      <Filter>Header Files</Filter>
    </ClInclude>
    <ClInclude Include="src\Application.hpp">
      <Filter>Header Files</Filter>
    </ClInclude>
    <ClInclude Include="common\GUI\AssetManager.hpp">
      <Filter>Header Files</Filter>
    </ClInclude>
    <ClInclude Include="common\GUI\ParticleSystem.hpp">
      <Filter>Header Files</Filter>
    </ClInclude>
    <ClInclude Include="common\gl\TextureArray.hpp">
      <Filter>Header Files</Filter>
    </ClInclude>
    <ClInclude Include="common\GUI\Renderer2D.hpp">
      <Filter>Header Files</Filter>
    </ClInclude>
    <ClInclude Include="common\Renderer\Renderer.hpp">
      <Filter>Header Files</Filter>
    </ClInclude>
    <ClInclude Include="common\Maths\Ray.hpp">
      <Filter>Header Files</Filter>
    </ClInclude>
    <ClInclude Include="common\wc\pch.hpp">
      <Filter>Header Files</Filter>
    </ClInclude>
    <ClInclude Include="common\gl\VertexArray.hpp">
      <Filter>Header Files</Filter>
    </ClInclude>
    <ClInclude Include="common\gl\Buffer.hpp">
      <Filter>Header Files</Filter>
    </ClInclude>
    <ClInclude Include="common\wc\Model\Animation.hpp">
      <Filter>Header Files</Filter>
    </ClInclude>
    <ClInclude Include="common\wc\Model\Bone.hpp">
      <Filter>Header Files</Filter>
    </ClInclude>
    <ClInclude Include="common\wc\Model\Mesh.hpp">
      <Filter>Header Files</Filter>
    </ClInclude>
    <ClInclude Include="common\wc\Model\Model.hpp">
      <Filter>Header Files</Filter>
    </ClInclude>
    <ClInclude Include="common\net\message.hpp">
      <Filter>Header Files</Filter>
    </ClInclude>
    <ClInclude Include="common\net\net_client.hpp">
      <Filter>Header Files</Filter>
    </ClInclude>
    <ClInclude Include="common\net\net_common.hpp">
      <Filter>Header Files</Filter>
    </ClInclude>
    <ClInclude Include="common\net\net_connection.hpp">
      <Filter>Header Files</Filter>
    </ClInclude>
    <ClInclude Include="common\net\net_server.hpp">
      <Filter>Header Files</Filter>
    </ClInclude>
    <ClInclude Include="common\net\tsqueue.hpp">
      <Filter>Header Files</Filter>
    </ClInclude>
    <ClInclude Include="common\net\wc_net.hpp">
      <Filter>Header Files</Filter>
    </ClInclude>
    <ClInclude Include="common\Utils\Bits.hpp">
      <Filter>Header Files</Filter>
    </ClInclude>
    <ClInclude Include="src\Game Mechanics\Inventory.hpp">
      <Filter>Header Files</Filter>
    </ClInclude>
    <ClInclude Include="src\Game Mechanics\Item.hpp">
      <Filter>Header Files</Filter>
    </ClInclude>
    <ClInclude Include="common\GUI\Textbox.hpp">
      <Filter>Header Files</Filter>
    </ClInclude>
    <ClInclude Include="common\GUI\Button.hpp">
      <Filter>Header Files</Filter>
    </ClInclude>
    <ClInclude Include="src\Game Mechanics\LineBatcher.hpp">
      <Filter>Header Files</Filter>
    </ClInclude>
    <ClInclude Include="src\Game Mechanics\ParticleSystem.hpp">
      <Filter>Header Files</Filter>
    </ClInclude>
    <ClInclude Include="src\world\Block.hpp">
      <Filter>Header Files</Filter>
    </ClInclude>
    <ClInclude Include="vendor\Include\FastNoise\FastNoiseLite.h">
      <Filter>Header Files</Filter>
    </ClInclude>
    <ClInclude Include="common\GUI\Console.hpp">
      <Filter>Header Files</Filter>
    </ClInclude>
    <ClInclude Include="common\Utils\YAML.hpp">
      <Filter>Header Files</Filter>
    </ClInclude>
    <ClInclude Include="src\Menus\Menus.hpp">
      <Filter>Header Files</Filter>
    </ClInclude>
    <ClInclude Include="src\Game Mechanics\CommandParser.hpp">
      <Filter>Header Files</Filter>
    </ClInclude>
    <ClInclude Include="vendor\Include\yaml-src\contrib\graphbuilderadapter.h">
      <Filter>Header Files</Filter>
    </ClInclude>
    <ClInclude Include="vendor\Include\yaml-src\collectionstack.h">
      <Filter>Header Files</Filter>
    </ClInclude>
    <ClInclude Include="vendor\Include\yaml-src\directives.h">
      <Filter>Header Files</Filter>
    </ClInclude>
    <ClInclude Include="vendor\Include\yaml-src\emitterstate.h">
      <Filter>Header Files</Filter>
    </ClInclude>
    <ClInclude Include="vendor\Include\yaml-src\emitterutils.h">
      <Filter>Header Files</Filter>
    </ClInclude>
    <ClInclude Include="vendor\Include\yaml-src\exp.h">
      <Filter>Header Files</Filter>
    </ClInclude>
    <ClInclude Include="vendor\Include\yaml-src\indentation.h">
      <Filter>Header Files</Filter>
    </ClInclude>
    <ClInclude Include="vendor\Include\yaml-src\nodebuilder.h">
      <Filter>Header Files</Filter>
    </ClInclude>
    <ClInclude Include="vendor\Include\yaml-src\nodeevents.h">
      <Filter>Header Files</Filter>
    </ClInclude>
    <ClInclude Include="vendor\Include\yaml-src\ptr_vector.h">
      <Filter>Header Files</Filter>
    </ClInclude>
    <ClInclude Include="vendor\Include\yaml-src\regex_yaml.h">
      <Filter>Header Files</Filter>
    </ClInclude>
    <ClInclude Include="vendor\Include\yaml-src\regeximpl.h">
      <Filter>Header Files</Filter>
    </ClInclude>
    <ClInclude Include="vendor\Include\yaml-src\scanner.h">
      <Filter>Header Files</Filter>
    </ClInclude>
    <ClInclude Include="vendor\Include\yaml-src\scanscalar.h">
      <Filter>Header Files</Filter>
    </ClInclude>
    <ClInclude Include="vendor\Include\yaml-src\scantag.h">
      <Filter>Header Files</Filter>
    </ClInclude>
    <ClInclude Include="vendor\Include\yaml-src\setting.h">
      <Filter>Header Files</Filter>
    </ClInclude>
    <ClInclude Include="vendor\Include\yaml-src\singledocparser.h">
      <Filter>Header Files</Filter>
    </ClInclude>
    <ClInclude Include="vendor\Include\yaml-src\stream.h">
      <Filter>Header Files</Filter>
    </ClInclude>
    <ClInclude Include="vendor\Include\yaml-src\streamcharsource.h">
      <Filter>Header Files</Filter>
    </ClInclude>
    <ClInclude Include="vendor\Include\yaml-src\stringsource.h">
      <Filter>Header Files</Filter>
    </ClInclude>
    <ClInclude Include="vendor\Include\yaml-src\tag.h">
      <Filter>Header Files</Filter>
    </ClInclude>
    <ClInclude Include="vendor\Include\yaml-src\token.h">
      <Filter>Header Files</Filter>
    </ClInclude>
    <ClInclude Include="common\Utils\Memory.h">
      <Filter>Header Files</Filter>
    </ClInclude>
    <ClInclude Include="vendor\Include\RmlUi-src\Core\Elements\ElementImage.h">
      <Filter>Header Files</Filter>
    </ClInclude>
    <ClInclude Include="vendor\Include\RmlUi-src\Core\Elements\ElementLabel.h">
      <Filter>Header Files</Filter>
    </ClInclude>
    <ClInclude Include="vendor\Include\RmlUi-src\Core\Elements\ElementTextSelection.h">
      <Filter>Header Files</Filter>
    </ClInclude>
    <ClInclude Include="vendor\Include\RmlUi-src\Core\Elements\InputType.h">
      <Filter>Header Files</Filter>
    </ClInclude>
    <ClInclude Include="vendor\Include\RmlUi-src\Core\Elements\InputTypeButton.h">
      <Filter>Header Files</Filter>
    </ClInclude>
    <ClInclude Include="vendor\Include\RmlUi-src\Core\Elements\InputTypeCheckbox.h">
      <Filter>Header Files</Filter>
    </ClInclude>
    <ClInclude Include="vendor\Include\RmlUi-src\Core\Elements\InputTypeRadio.h">
      <Filter>Header Files</Filter>
    </ClInclude>
    <ClInclude Include="vendor\Include\RmlUi-src\Core\Elements\InputTypeRange.h">
      <Filter>Header Files</Filter>
    </ClInclude>
    <ClInclude Include="vendor\Include\RmlUi-src\Core\Elements\InputTypeSubmit.h">
      <Filter>Header Files</Filter>
    </ClInclude>
    <ClInclude Include="vendor\Include\RmlUi-src\Core\Elements\InputTypeText.h">
      <Filter>Header Files</Filter>
    </ClInclude>
    <ClInclude Include="vendor\Include\RmlUi-src\Core\Elements\WidgetDropDown.h">
      <Filter>Header Files</Filter>
    </ClInclude>
    <ClInclude Include="vendor\Include\RmlUi-src\Core\Elements\WidgetSlider.h">
      <Filter>Header Files</Filter>
    </ClInclude>
    <ClInclude Include="vendor\Include\RmlUi-src\Core\Elements\WidgetTextInput.h">
      <Filter>Header Files</Filter>
    </ClInclude>
    <ClInclude Include="vendor\Include\RmlUi-src\Core\Elements\WidgetTextInputMultiLine.h">
      <Filter>Header Files</Filter>
    </ClInclude>
    <ClInclude Include="vendor\Include\RmlUi-src\Core\Elements\WidgetTextInputSingleLine.h">
      <Filter>Header Files</Filter>
    </ClInclude>
    <ClInclude Include="vendor\Include\RmlUi-src\Core\Elements\WidgetTextInputSingleLinePassword.h">
      <Filter>Header Files</Filter>
    </ClInclude>
    <ClInclude Include="vendor\Include\RmlUi-src\Core\Elements\XMLNodeHandlerDataGrid.h">
      <Filter>Header Files</Filter>
    </ClInclude>
    <ClInclude Include="vendor\Include\RmlUi-src\Core\Elements\XMLNodeHandlerSelect.h">
      <Filter>Header Files</Filter>
    </ClInclude>
    <ClInclude Include="vendor\Include\RmlUi-src\Core\Elements\XMLNodeHandlerTabSet.h">
      <Filter>Header Files</Filter>
    </ClInclude>
    <ClInclude Include="vendor\Include\RmlUi-src\Core\Elements\XMLNodeHandlerTextArea.h">
      <Filter>Header Files</Filter>
    </ClInclude>
    <ClInclude Include="vendor\Include\RmlUi-src\Core\FontEngineDefault\FontEngineInterfaceDefault.h">
      <Filter>Header Files</Filter>
    </ClInclude>
    <ClInclude Include="vendor\Include\RmlUi-src\Core\FontEngineDefault\FontFace.h">
      <Filter>Header Files</Filter>
    </ClInclude>
    <ClInclude Include="vendor\Include\RmlUi-src\Core\FontEngineDefault\FontFaceHandleDefault.h">
      <Filter>Header Files</Filter>
    </ClInclude>
    <ClInclude Include="vendor\Include\RmlUi-src\Core\FontEngineDefault\FontFaceLayer.h">
      <Filter>Header Files</Filter>
    </ClInclude>
    <ClInclude Include="vendor\Include\RmlUi-src\Core\FontEngineDefault\FontFamily.h">
      <Filter>Header Files</Filter>
    </ClInclude>
    <ClInclude Include="vendor\Include\RmlUi-src\Core\FontEngineDefault\FontProvider.h">
      <Filter>Header Files</Filter>
    </ClInclude>
    <ClInclude Include="vendor\Include\RmlUi-src\Core\FontEngineDefault\FontTypes.h">
      <Filter>Header Files</Filter>
    </ClInclude>
    <ClInclude Include="vendor\Include\RmlUi-src\Core\FontEngineDefault\FreeTypeInterface.h">
      <Filter>Header Files</Filter>
    </ClInclude>
    <ClInclude Include="vendor\Include\RmlUi-src\Core\Clock.h">
      <Filter>Header Files</Filter>
    </ClInclude>
    <ClInclude Include="vendor\Include\RmlUi-src\Core\ComputeProperty.h">
      <Filter>Header Files</Filter>
    </ClInclude>
    <ClInclude Include="vendor\Include\RmlUi-src\Core\ContextInstancerDefault.h">
      <Filter>Header Files</Filter>
    </ClInclude>
    <ClInclude Include="vendor\Include\RmlUi-src\Core\DataController.h">
      <Filter>Header Files</Filter>
    </ClInclude>
    <ClInclude Include="vendor\Include\RmlUi-src\Core\DataControllerDefault.h">
      <Filter>Header Files</Filter>
    </ClInclude>
    <ClInclude Include="vendor\Include\RmlUi-src\Core\DataExpression.h">
      <Filter>Header Files</Filter>
    </ClInclude>
    <ClInclude Include="vendor\Include\RmlUi-src\Core\DataModel.h">
      <Filter>Header Files</Filter>
    </ClInclude>
    <ClInclude Include="vendor\Include\RmlUi-src\Core\DataView.h">
      <Filter>Header Files</Filter>
    </ClInclude>
    <ClInclude Include="vendor\Include\RmlUi-src\Core\DataViewDefault.h">
      <Filter>Header Files</Filter>
    </ClInclude>
    <ClInclude Include="vendor\Include\RmlUi-src\Core\DecoratorGradient.h">
      <Filter>Header Files</Filter>
    </ClInclude>
    <ClInclude Include="vendor\Include\RmlUi-src\Core\DecoratorNinePatch.h">
      <Filter>Header Files</Filter>
    </ClInclude>
    <ClInclude Include="vendor\Include\RmlUi-src\Core\DecoratorTiled.h">
      <Filter>Header Files</Filter>
    </ClInclude>
    <ClInclude Include="vendor\Include\RmlUi-src\Core\DecoratorTiledBox.h">
      <Filter>Header Files</Filter>
    </ClInclude>
    <ClInclude Include="vendor\Include\RmlUi-src\Core\DecoratorTiledBoxInstancer.h">
      <Filter>Header Files</Filter>
    </ClInclude>
    <ClInclude Include="vendor\Include\RmlUi-src\Core\DecoratorTiledHorizontal.h">
      <Filter>Header Files</Filter>
    </ClInclude>
    <ClInclude Include="vendor\Include\RmlUi-src\Core\DecoratorTiledHorizontalInstancer.h">
      <Filter>Header Files</Filter>
    </ClInclude>
    <ClInclude Include="vendor\Include\RmlUi-src\Core\DecoratorTiledImage.h">
      <Filter>Header Files</Filter>
    </ClInclude>
    <ClInclude Include="vendor\Include\RmlUi-src\Core\DecoratorTiledImageInstancer.h">
      <Filter>Header Files</Filter>
    </ClInclude>
    <ClInclude Include="vendor\Include\RmlUi-src\Core\DecoratorTiledInstancer.h">
      <Filter>Header Files</Filter>
    </ClInclude>
    <ClInclude Include="vendor\Include\RmlUi-src\Core\DecoratorTiledVertical.h">
      <Filter>Header Files</Filter>
    </ClInclude>
    <ClInclude Include="vendor\Include\RmlUi-src\Core\DecoratorTiledVerticalInstancer.h">
      <Filter>Header Files</Filter>
    </ClInclude>
    <ClInclude Include="vendor\Include\RmlUi-src\Core\DocumentHeader.h">
      <Filter>Header Files</Filter>
    </ClInclude>
    <ClInclude Include="vendor\Include\RmlUi-src\Core\ElementAnimation.h">
      <Filter>Header Files</Filter>
    </ClInclude>
    <ClInclude Include="vendor\Include\RmlUi-src\Core\ElementBackgroundBorder.h">
      <Filter>Header Files</Filter>
    </ClInclude>
    <ClInclude Include="vendor\Include\RmlUi-src\Core\ElementDecoration.h">
      <Filter>Header Files</Filter>
    </ClInclude>
    <ClInclude Include="vendor\Include\RmlUi-src\Core\ElementDefinition.h">
      <Filter>Header Files</Filter>
    </ClInclude>
    <ClInclude Include="vendor\Include\RmlUi-src\Core\ElementHandle.h">
      <Filter>Header Files</Filter>
    </ClInclude>
    <ClInclude Include="vendor\Include\RmlUi-src\Core\ElementStyle.h">
      <Filter>Header Files</Filter>
    </ClInclude>
    <ClInclude Include="vendor\Include\RmlUi-src\Core\EventDispatcher.h">
      <Filter>Header Files</Filter>
    </ClInclude>
    <ClInclude Include="vendor\Include\RmlUi-src\Core\EventInstancerDefault.h">
      <Filter>Header Files</Filter>
    </ClInclude>
    <ClInclude Include="vendor\Include\RmlUi-src\Core\EventSpecification.h">
      <Filter>Header Files</Filter>
    </ClInclude>
    <ClInclude Include="vendor\Include\RmlUi-src\Core\FileInterfaceDefault.h">
      <Filter>Header Files</Filter>
    </ClInclude>
    <ClInclude Include="vendor\Include\RmlUi-src\Core\FontEffectBlur.h">
      <Filter>Header Files</Filter>
    </ClInclude>
    <ClInclude Include="vendor\Include\RmlUi-src\Core\FontEffectGlow.h">
      <Filter>Header Files</Filter>
    </ClInclude>
    <ClInclude Include="vendor\Include\RmlUi-src\Core\FontEffectOutline.h">
      <Filter>Header Files</Filter>
    </ClInclude>
    <ClInclude Include="vendor\Include\RmlUi-src\Core\FontEffectShadow.h">
      <Filter>Header Files</Filter>
    </ClInclude>
    <ClInclude Include="vendor\Include\RmlUi-src\Core\GeometryBackgroundBorder.h">
      <Filter>Header Files</Filter>
    </ClInclude>
    <ClInclude Include="vendor\Include\RmlUi-src\Core\GeometryDatabase.h">
      <Filter>Header Files</Filter>
    </ClInclude>
    <ClInclude Include="vendor\Include\RmlUi-src\Core\IdNameMap.h">
      <Filter>Header Files</Filter>
    </ClInclude>
    <ClInclude Include="vendor\Include\RmlUi-src\Core\LayoutBlockBox.h">
      <Filter>Header Files</Filter>
    </ClInclude>
    <ClInclude Include="vendor\Include\RmlUi-src\Core\LayoutBlockBoxSpace.h">
      <Filter>Header Files</Filter>
    </ClInclude>
    <ClInclude Include="vendor\Include\RmlUi-src\Core\LayoutDetails.h">
      <Filter>Header Files</Filter>
    </ClInclude>
    <ClInclude Include="vendor\Include\RmlUi-src\Core\LayoutEngine.h">
      <Filter>Header Files</Filter>
    </ClInclude>
    <ClInclude Include="vendor\Include\RmlUi-src\Core\LayoutFlex.h">
      <Filter>Header Files</Filter>
    </ClInclude>
    <ClInclude Include="vendor\Include\RmlUi-src\Core\LayoutInlineBox.h">
      <Filter>Header Files</Filter>
    </ClInclude>
    <ClInclude Include="vendor\Include\RmlUi-src\Core\LayoutInlineBoxText.h">
      <Filter>Header Files</Filter>
    </ClInclude>
    <ClInclude Include="vendor\Include\RmlUi-src\Core\LayoutLineBox.h">
      <Filter>Header Files</Filter>
    </ClInclude>
    <ClInclude Include="vendor\Include\RmlUi-src\Core\LayoutTable.h">
      <Filter>Header Files</Filter>
    </ClInclude>
    <ClInclude Include="vendor\Include\RmlUi-src\Core\LayoutTableDetails.h">
      <Filter>Header Files</Filter>
    </ClInclude>
    <ClInclude Include="vendor\Include\RmlUi-src\Core\Memory.h">
      <Filter>Header Files</Filter>
    </ClInclude>
    <ClInclude Include="vendor\Include\RmlUi-src\Core\PluginRegistry.h">
      <Filter>Header Files</Filter>
    </ClInclude>
    <ClInclude Include="vendor\Include\RmlUi-src\Core\Pool.h">
      <Filter>Header Files</Filter>
    </ClInclude>
    <ClInclude Include="vendor\Include\RmlUi-src\Core\precompiled.h">
      <Filter>Header Files</Filter>
    </ClInclude>
    <ClInclude Include="vendor\Include\RmlUi-src\Core\PropertiesIterator.h">
      <Filter>Header Files</Filter>
    </ClInclude>
    <ClInclude Include="vendor\Include\RmlUi-src\Core\PropertyParserAnimation.h">
      <Filter>Header Files</Filter>
    </ClInclude>
    <ClInclude Include="vendor\Include\RmlUi-src\Core\PropertyParserColour.h">
      <Filter>Header Files</Filter>
    </ClInclude>
    <ClInclude Include="vendor\Include\RmlUi-src\Core\PropertyParserDecorator.h">
      <Filter>Header Files</Filter>
    </ClInclude>
    <ClInclude Include="vendor\Include\RmlUi-src\Core\PropertyParserFontEffect.h">
      <Filter>Header Files</Filter>
    </ClInclude>
    <ClInclude Include="vendor\Include\RmlUi-src\Core\PropertyParserKeyword.h">
      <Filter>Header Files</Filter>
    </ClInclude>
    <ClInclude Include="vendor\Include\RmlUi-src\Core\PropertyParserNumber.h">
      <Filter>Header Files</Filter>
    </ClInclude>
    <ClInclude Include="vendor\Include\RmlUi-src\Core\PropertyParserRatio.h">
      <Filter>Header Files</Filter>
    </ClInclude>
    <ClInclude Include="vendor\Include\RmlUi-src\Core\PropertyParserString.h">
      <Filter>Header Files</Filter>
    </ClInclude>
    <ClInclude Include="vendor\Include\RmlUi-src\Core\PropertyParserTransform.h">
      <Filter>Header Files</Filter>
    </ClInclude>
    <ClInclude Include="vendor\Include\RmlUi-src\Core\PropertyShorthandDefinition.h">
      <Filter>Header Files</Filter>
    </ClInclude>
    <ClInclude Include="vendor\Include\RmlUi-src\Core\StreamFile.h">
      <Filter>Header Files</Filter>
    </ClInclude>
    <ClInclude Include="vendor\Include\RmlUi-src\Core\StyleSheetFactory.h">
      <Filter>Header Files</Filter>
    </ClInclude>
    <ClInclude Include="vendor\Include\RmlUi-src\Core\StyleSheetNode.h">
      <Filter>Header Files</Filter>
    </ClInclude>
    <ClInclude Include="vendor\Include\RmlUi-src\Core\StyleSheetNodeSelector.h">
      <Filter>Header Files</Filter>
    </ClInclude>
    <ClInclude Include="vendor\Include\RmlUi-src\Core\StyleSheetNodeSelectorEmpty.h">
      <Filter>Header Files</Filter>
    </ClInclude>
    <ClInclude Include="vendor\Include\RmlUi-src\Core\StyleSheetNodeSelectorFirstChild.h">
      <Filter>Header Files</Filter>
    </ClInclude>
    <ClInclude Include="vendor\Include\RmlUi-src\Core\StyleSheetNodeSelectorFirstOfType.h">
      <Filter>Header Files</Filter>
    </ClInclude>
    <ClInclude Include="vendor\Include\RmlUi-src\Core\StyleSheetNodeSelectorLastChild.h">
      <Filter>Header Files</Filter>
    </ClInclude>
    <ClInclude Include="vendor\Include\RmlUi-src\Core\StyleSheetNodeSelectorLastOfType.h">
      <Filter>Header Files</Filter>
    </ClInclude>
    <ClInclude Include="vendor\Include\RmlUi-src\Core\StyleSheetNodeSelectorNthChild.h">
      <Filter>Header Files</Filter>
    </ClInclude>
    <ClInclude Include="vendor\Include\RmlUi-src\Core\StyleSheetNodeSelectorNthLastChild.h">
      <Filter>Header Files</Filter>
    </ClInclude>
    <ClInclude Include="vendor\Include\RmlUi-src\Core\StyleSheetNodeSelectorNthLastOfType.h">
      <Filter>Header Files</Filter>
    </ClInclude>
    <ClInclude Include="vendor\Include\RmlUi-src\Core\StyleSheetNodeSelectorNthOfType.h">
      <Filter>Header Files</Filter>
    </ClInclude>
    <ClInclude Include="vendor\Include\RmlUi-src\Core\StyleSheetNodeSelectorOnlyChild.h">
      <Filter>Header Files</Filter>
    </ClInclude>
    <ClInclude Include="vendor\Include\RmlUi-src\Core\StyleSheetNodeSelectorOnlyOfType.h">
      <Filter>Header Files</Filter>
    </ClInclude>
    <ClInclude Include="vendor\Include\RmlUi-src\Core\StyleSheetParser.h">
      <Filter>Header Files</Filter>
    </ClInclude>
    <ClInclude Include="vendor\Include\RmlUi-src\Core\Template.h">
      <Filter>Header Files</Filter>
    </ClInclude>
    <ClInclude Include="vendor\Include\RmlUi-src\Core\TemplateCache.h">
      <Filter>Header Files</Filter>
    </ClInclude>
    <ClInclude Include="vendor\Include\RmlUi-src\Core\TextureDatabase.h">
      <Filter>Header Files</Filter>
    </ClInclude>
    <ClInclude Include="vendor\Include\RmlUi-src\Core\TextureLayout.h">
      <Filter>Header Files</Filter>
    </ClInclude>
    <ClInclude Include="vendor\Include\RmlUi-src\Core\TextureLayoutRectangle.h">
      <Filter>Header Files</Filter>
    </ClInclude>
    <ClInclude Include="vendor\Include\RmlUi-src\Core\TextureLayoutRow.h">
      <Filter>Header Files</Filter>
    </ClInclude>
    <ClInclude Include="vendor\Include\RmlUi-src\Core\TextureLayoutTexture.h">
      <Filter>Header Files</Filter>
    </ClInclude>
    <ClInclude Include="vendor\Include\RmlUi-src\Core\TextureResource.h">
      <Filter>Header Files</Filter>
    </ClInclude>
    <ClInclude Include="vendor\Include\RmlUi-src\Core\TransformState.h">
      <Filter>Header Files</Filter>
    </ClInclude>
    <ClInclude Include="vendor\Include\RmlUi-src\Core\TransformUtilities.h">
      <Filter>Header Files</Filter>
    </ClInclude>
    <ClInclude Include="vendor\Include\RmlUi-src\Core\Utilities.h">
      <Filter>Header Files</Filter>
    </ClInclude>
    <ClInclude Include="vendor\Include\RmlUi-src\Core\WidgetScroll.h">
      <Filter>Header Files</Filter>
    </ClInclude>
    <ClInclude Include="vendor\Include\RmlUi-src\Core\XMLNodeHandlerBody.h">
      <Filter>Header Files</Filter>
    </ClInclude>
    <ClInclude Include="vendor\Include\RmlUi-src\Core\XMLNodeHandlerDefault.h">
      <Filter>Header Files</Filter>
    </ClInclude>
    <ClInclude Include="vendor\Include\RmlUi-src\Core\XMLNodeHandlerHead.h">
      <Filter>Header Files</Filter>
    </ClInclude>
    <ClInclude Include="vendor\Include\RmlUi-src\Core\XMLNodeHandlerTemplate.h">
      <Filter>Header Files</Filter>
    </ClInclude>
    <ClInclude Include="vendor\Include\RmlUi-src\Core\XMLParseTools.h">
      <Filter>Header Files</Filter>
    </ClInclude>
    <ClInclude Include="vendor\Include\RmlUi-src\Debugger\BeaconSource.h">
      <Filter>Header Files</Filter>
    </ClInclude>
    <ClInclude Include="vendor\Include\RmlUi-src\Debugger\CommonSource.h">
      <Filter>Header Files</Filter>
    </ClInclude>
    <ClInclude Include="vendor\Include\RmlUi-src\Debugger\DebuggerPlugin.h">
      <Filter>Header Files</Filter>
    </ClInclude>
    <ClInclude Include="vendor\Include\RmlUi-src\Debugger\DebuggerSystemInterface.h">
      <Filter>Header Files</Filter>
    </ClInclude>
    <ClInclude Include="vendor\Include\RmlUi-src\Debugger\ElementContextHook.h">
      <Filter>Header Files</Filter>
    </ClInclude>
    <ClInclude Include="vendor\Include\RmlUi-src\Debugger\ElementInfo.h">
      <Filter>Header Files</Filter>
    </ClInclude>
    <ClInclude Include="vendor\Include\RmlUi-src\Debugger\ElementLog.h">
      <Filter>Header Files</Filter>
    </ClInclude>
    <ClInclude Include="vendor\Include\RmlUi-src\Debugger\FontSource.h">
      <Filter>Header Files</Filter>
    </ClInclude>
    <ClInclude Include="vendor\Include\RmlUi-src\Debugger\Geometry.h">
      <Filter>Header Files</Filter>
    </ClInclude>
    <ClInclude Include="vendor\Include\RmlUi-src\Debugger\InfoSource.h">
      <Filter>Header Files</Filter>
    </ClInclude>
    <ClInclude Include="vendor\Include\RmlUi-src\Debugger\LogSource.h">
      <Filter>Header Files</Filter>
    </ClInclude>
    <ClInclude Include="vendor\Include\RmlUi-src\Debugger\MenuSource.h">
      <Filter>Header Files</Filter>
    </ClInclude>
    <ClInclude Include="vendor\Include\RmlUi-src\Lottie\LottiePlugin.h">
      <Filter>Header Files</Filter>
    </ClInclude>
    <ClInclude Include="vendor\Include\RmlUi-src\Lua\Elements\As.h">
      <Filter>Header Files</Filter>
    </ClInclude>
    <ClInclude Include="vendor\Include\RmlUi-src\Lua\Elements\DataFormatter.h">
      <Filter>Header Files</Filter>
    </ClInclude>
    <ClInclude Include="vendor\Include\RmlUi-src\Lua\Elements\DataSource.h">
      <Filter>Header Files</Filter>
    </ClInclude>
    <ClInclude Include="vendor\Include\RmlUi-src\Lua\Elements\ElementDataGrid.h">
      <Filter>Header Files</Filter>
    </ClInclude>
    <ClInclude Include="vendor\Include\RmlUi-src\Lua\Elements\ElementDataGridRow.h">
      <Filter>Header Files</Filter>
    </ClInclude>
    <ClInclude Include="vendor\Include\RmlUi-src\Lua\Elements\ElementForm.h">
      <Filter>Header Files</Filter>
    </ClInclude>
    <ClInclude Include="vendor\Include\RmlUi-src\Lua\Elements\ElementFormControl.h">
      <Filter>Header Files</Filter>
    </ClInclude>
    <ClInclude Include="vendor\Include\RmlUi-src\Lua\Elements\ElementFormControlDataSelect.h">
      <Filter>Header Files</Filter>
    </ClInclude>
    <ClInclude Include="vendor\Include\RmlUi-src\Lua\Elements\ElementFormControlInput.h">
      <Filter>Header Files</Filter>
    </ClInclude>
    <ClInclude Include="vendor\Include\RmlUi-src\Lua\Elements\ElementFormControlSelect.h">
      <Filter>Header Files</Filter>
    </ClInclude>
    <ClInclude Include="vendor\Include\RmlUi-src\Lua\Elements\ElementFormControlTextArea.h">
      <Filter>Header Files</Filter>
    </ClInclude>
    <ClInclude Include="vendor\Include\RmlUi-src\Lua\Elements\ElementTabSet.h">
      <Filter>Header Files</Filter>
    </ClInclude>
    <ClInclude Include="vendor\Include\RmlUi-src\Lua\Elements\LuaDataFormatter.h">
      <Filter>Header Files</Filter>
    </ClInclude>
    <ClInclude Include="vendor\Include\RmlUi-src\Lua\Elements\LuaDataSource.h">
      <Filter>Header Files</Filter>
    </ClInclude>
    <ClInclude Include="vendor\Include\RmlUi-src\Lua\Elements\SelectOptionsProxy.h">
      <Filter>Header Files</Filter>
    </ClInclude>
    <ClInclude Include="vendor\Include\RmlUi-src\Lua\Colourb.h">
      <Filter>Header Files</Filter>
    </ClInclude>
    <ClInclude Include="vendor\Include\RmlUi-src\Lua\Colourf.h">
      <Filter>Header Files</Filter>
    </ClInclude>
    <ClInclude Include="vendor\Include\RmlUi-src\Lua\Context.h">
      <Filter>Header Files</Filter>
    </ClInclude>
    <ClInclude Include="vendor\Include\RmlUi-src\Lua\ContextDocumentsProxy.h">
      <Filter>Header Files</Filter>
    </ClInclude>
    <ClInclude Include="vendor\Include\RmlUi-src\Lua\Document.h">
      <Filter>Header Files</Filter>
    </ClInclude>
    <ClInclude Include="vendor\Include\RmlUi-src\Lua\Element.h">
      <Filter>Header Files</Filter>
    </ClInclude>
    <ClInclude Include="vendor\Include\RmlUi-src\Lua\ElementAttributesProxy.h">
      <Filter>Header Files</Filter>
    </ClInclude>
    <ClInclude Include="vendor\Include\RmlUi-src\Lua\ElementChildNodesProxy.h">
      <Filter>Header Files</Filter>
    </ClInclude>
    <ClInclude Include="vendor\Include\RmlUi-src\Lua\ElementInstancer.h">
      <Filter>Header Files</Filter>
    </ClInclude>
    <ClInclude Include="vendor\Include\RmlUi-src\Lua\ElementStyleProxy.h">
      <Filter>Header Files</Filter>
    </ClInclude>
    <ClInclude Include="vendor\Include\RmlUi-src\Lua\ElementText.h">
      <Filter>Header Files</Filter>
    </ClInclude>
    <ClInclude Include="vendor\Include\RmlUi-src\Lua\Event.h">
      <Filter>Header Files</Filter>
    </ClInclude>
    <ClInclude Include="vendor\Include\RmlUi-src\Lua\EventParametersProxy.h">
      <Filter>Header Files</Filter>
    </ClInclude>
    <ClInclude Include="vendor\Include\RmlUi-src\Lua\GlobalLuaFunctions.h">
      <Filter>Header Files</Filter>
    </ClInclude>
    <ClInclude Include="vendor\Include\RmlUi-src\Lua\Log.h">
      <Filter>Header Files</Filter>
    </ClInclude>
    <ClInclude Include="vendor\Include\RmlUi-src\Lua\LuaDataModel.h">
      <Filter>Header Files</Filter>
    </ClInclude>
    <ClInclude Include="vendor\Include\RmlUi-src\Lua\LuaDocument.h">
      <Filter>Header Files</Filter>
    </ClInclude>
    <ClInclude Include="vendor\Include\RmlUi-src\Lua\LuaDocumentElementInstancer.h">
      <Filter>Header Files</Filter>
    </ClInclude>
    <ClInclude Include="vendor\Include\RmlUi-src\Lua\LuaElementInstancer.h">
      <Filter>Header Files</Filter>
    </ClInclude>
    <ClInclude Include="vendor\Include\RmlUi-src\Lua\LuaEventListener.h">
      <Filter>Header Files</Filter>
    </ClInclude>
    <ClInclude Include="vendor\Include\RmlUi-src\Lua\LuaEventListenerInstancer.h">
      <Filter>Header Files</Filter>
    </ClInclude>
    <ClInclude Include="vendor\Include\RmlUi-src\Lua\LuaPlugin.h">
      <Filter>Header Files</Filter>
    </ClInclude>
    <ClInclude Include="vendor\Include\RmlUi-src\Lua\Pairs.h">
      <Filter>Header Files</Filter>
    </ClInclude>
    <ClInclude Include="vendor\Include\RmlUi-src\Lua\RmlUi.h">
      <Filter>Header Files</Filter>
    </ClInclude>
    <ClInclude Include="vendor\Include\RmlUi-src\Lua\RmlUiContextsProxy.h">
      <Filter>Header Files</Filter>
    </ClInclude>
    <ClInclude Include="vendor\Include\RmlUi-src\Lua\Vector2f.h">
      <Filter>Header Files</Filter>
    </ClInclude>
    <ClInclude Include="vendor\Include\RmlUi-src\Lua\Vector2i.h">
      <Filter>Header Files</Filter>
    </ClInclude>
    <ClInclude Include="vendor\Include\RmlUi-src\SVG\SVGPlugin.h">
      <Filter>Header Files</Filter>
    </ClInclude>
    <ClInclude Include="common\GUI\GUI.hpp">
      <Filter>Header Files</Filter>
    </ClInclude>
    <ClInclude Include="common\Utils\List.hpp">
      <Filter>Header Files</Filter>
    </ClInclude>
  </ItemGroup>
  <ItemGroup>
    <None Include="scripts\grassblock.lua" />
    <None Include="shaderpacks\default\skybox.glsl" />
    <None Include="config\window.yaml" />
    <None Include="scripts\dirt.lua" />
    <None Include="shaderpacks\default\particleShader.glsl" />
    <None Include="scripts\stone.lua" />
    <None Include="scripts\sand.lua" />
    <None Include="scripts\water.lua" />
    <None Include="shaderpacks\default\chunkShader.glsl" />
    <None Include="scripts\glass.lua" />
    <None Include="scripts\wood.lua" />
    <None Include="scripts\worldGen.lua" />
    <None Include="scripts\blocks.lua" />
    <None Include="scripts\snow.lua" />
    <None Include="scripts\haybale.lua" />
    <None Include="scripts\leaves.lua" />
    <None Include="scripts\red_flower.lua" />
    <None Include="scripts\coal_ore.lua" />
    <None Include="shaderpacks\default\Renderer2D.glsl" />
    <None Include="shaderpacks\default\modelShader.glsl" />
    <None Include="shaderpacks\default\Line3D.glsl" />
    <None Include="scripts\yellow_flower.lua" />
    <None Include="scripts\dead_bush.lua" />
    <None Include="scripts\small_grass.lua" />
    <None Include="scripts\iron_ore.lua" />
    <None Include="shaderpacks\default\pbrUtil.glsl" />
    <None Include="scripts\green_coral.lua" />
    <None Include="scripts\requirements.lua" />
    <None Include="scripts\biomes.lua" />
    <None Include="..\Elementalworld Server\Elementalworld Server.vcxproj" />
    <None Include="vendor\Include\RmlUi-src\Core\Pool.inl">
      <Filter>Header Files</Filter>
    </None>
    <None Include="scripts\gui_scripts\test.rml" />
  </ItemGroup>
</Project>