isCollidable: true
ConnectionType: "CONNECT_DEFAULT"

TOP:    "grasslands_grass_block_top.png"
BOTTOM: "dirt.png"
FRONT:  "grasslands_grass_block_side.png"
BACK:   "grasslands_grass_block_side.png"
LEFT:   "grasslands_grass_block_side.png"
RIGHT:  "grasslands_grass_block_side.png"

name: "grasslands_grass_block"