isCollidable: true
ConnectionType: "CONNECT_DEFAULT"

TOP:    "tropical_rainforest_grass_block_top.png"
BOTTOM: "dirt.png"
FRONT:  "tropical_rainforest_grass_block_side.png"
BACK:   "tropical_rainforest_grass_block_side.png"
LEFT:   "tropical_rainforest_grass_block_side.png"
RIGHT:  "tropical_rainforest_grass_block_side.png"

name: "tropical_rainforest_grass_block"
